{
  "name": "hoge",
  "lockfileVersion": 2,
  "requires": true,
  "packages": {
    "": {
      "dependencies": {
        "sb2md": "github:ompugao/sb2md"
      }
    },
    "node_modules/commander": {
      "version": "2.20.3",
      "resolved": "https://registry.npmjs.org/commander/-/commander-2.20.3.tgz",
      "integrity": "sha512-GpVkmM8vF2vQUkj2LvZmD35JxeJOLCwJ9cUkugyk2nuhbv3+mJvpLYYt+0+USMxE+oj+ey/lJEnhZw75x/OMcQ=="
    },
    "node_modules/sb2md": {
      "version": "1.0.1",
      "resolved": "git+ssh://git@github.com/ompugao/sb2md.git#f8ef9e388a260df1af508bb569b2227671605a35",
      "license": "ISC",
      "dependencies": {
        "commander": "^2.19.0"
      },
      "bin": {
        "sb2md": "cli.js"
      }
    }
  },
  "dependencies": {
    "commander": {
      "version": "2.20.3",
      "resolved": "https://registry.npmjs.org/commander/-/commander-2.20.3.tgz",
      "integrity": "sha512-GpVkmM8vF2vQUkj2LvZmD35JxeJOLCwJ9cUkugyk2nuhbv3+mJvpLYYt+0+USMxE+oj+ey/lJEnhZw75x/OMcQ=="
    },
    "sb2md": {
      "version": "git+ssh://git@github.com/ompugao/sb2md.git#f8ef9e388a260df1af508bb569b2227671605a35",
      "from": "sb2md@git+https://github.com/ompugao/sb2md.git",
      "requires": {
        "commander": "^2.19.0"
      }
    }
  }
}
